
Microsoft Visual Studio Solution File, Format Version 12.00
# Visual Studio Version 17
VisualStudioVersion = 17.10.34928.147
MinimumVisualStudioVersion = 10.0.40219.1
Project("{FAE04EC0-301F-11D3-BF4B-00C04F79EFBC}") = "Api", "Api\Api.csproj", "{A06B742F-3ECD-4E7C-9E09-94FF348D253D}"
EndProject
Global
	GlobalSection(SolutionConfigurationPlatforms) = preSolution
		Debug|Any CPU = Debug|Any CPU
		Release|Any CPU = Release|Any CPU
	EndGlobalSection
	GlobalSection(ProjectConfigurationPlatforms) = postSolution
		{A06B742F-3ECD-4E7C-9E09-94FF348D253D}.Debug|Any CPU.ActiveCfg = Debug|Any CPU
		{A06B742F-3ECD-4E7C-9E09-94FF348D253D}.Debug|Any CPU.Build.0 = Debug|Any CPU
		{A06B742F-3ECD-4E7C-9E09-94FF348D253D}.Release|Any CPU.ActiveCfg = Release|Any CPU
		{A06B742F-3ECD-4E7C-9E09-94FF348D253D}.Release|Any CPU.Build.0 = Release|Any CPU
	EndGlobalSection
	GlobalSection(SolutionProperties) = preSolution
		HideSolutionNode = FALSE
	EndGlobalSection
	GlobalSection(ExtensibilityGlobals) = postSolution
		SolutionGuid = {71BFB54D-9740-4908-A6C8-DAFE96621A28}
	EndGlobalSection
EndGlobal
